
Microsoft Visual Studio Solution File, Format Version 11.00
# Visual Studio 2010
Project("{FAE04EC0-301F-11D3-BF4B-00C04F79EFBC}") = "MonoTouch.Dialog-Unified", "MonoTouch.Dialog\MonoTouch.Dialog-Unified.csproj", "{2B7FBE6D-3AD0-4805-9E09-4EBA09C0932C}"
EndProject
Project("{9344BDBB-3E7F-41FC-A0DD-8665D75EE146}") = "Sample-Unified", "Sample\Sample-Unified.csproj", "{833CDD9A-E45D-4B0E-BF77-6193B88467ED}"
EndProject
Project("{9344BDBB-3E7F-41FC-A0DD-8665D75EE146}") = "MonoTouch.Dialog-Classic", "MonoTouch.Dialog\MonoTouch.Dialog-Classic.csproj", "{59F8D20F-0C99-4013-BED7-F757FDE905C5}"
EndProject
Project("{9344BDBB-3E7F-41FC-A0DD-8665D75EE146}") = "MonoTouch.Dialog-tvOS", "MonoTouch.Dialog\MonoTouch.Dialog-tvOS.csproj", "{81A59D32-E893-437D-A8A9-441FC43DDF65}"
EndProject
Project("{9344BDBB-3E7F-41FC-A0DD-8665D75EE146}") = "Sample-Classic", "Sample\Sample-Classic.csproj", "{A3A302FF-A4A0-468D-86F4-974E2EF97BFC}"
EndProject
Project("{9344BDBB-3E7F-41FC-A0DD-8665D75EE146}") = "Sample-tvOS", "Sample\Sample-tvOS.csproj", "{2FDC2E20-36F2-4997-94E9-88F3782C43F0}"
EndProject
Global
	GlobalSection(SolutionConfigurationPlatforms) = preSolution
		Debug|iPhoneSimulator = Debug|iPhoneSimulator
		Release|iPhoneSimulator = Release|iPhoneSimulator
		Debug|iPhone = Debug|iPhone
		Release|iPhone = Release|iPhone
	EndGlobalSection
	GlobalSection(ProjectConfigurationPlatforms) = postSolution
		{2B7FBE6D-3AD0-4805-9E09-4EBA09C0932C}.Debug|iPhoneSimulator.ActiveCfg = Debug|iPhoneSimulator
		{2B7FBE6D-3AD0-4805-9E09-4EBA09C0932C}.Release|iPhoneSimulator.ActiveCfg = Release|iPhoneSimulator
		{2B7FBE6D-3AD0-4805-9E09-4EBA09C0932C}.Debug|iPhone.ActiveCfg = Debug|iPhone
		{2B7FBE6D-3AD0-4805-9E09-4EBA09C0932C}.Release|iPhone.ActiveCfg = Release|iPhone
		{2B7FBE6D-3AD0-4805-9E09-4EBA09C0932C}.Debug|iPhoneSimulator.Build.0 = Debug|iPhoneSimulator
		{2B7FBE6D-3AD0-4805-9E09-4EBA09C0932C}.Release|iPhoneSimulator.Build.0 = Release|iPhoneSimulator
		{2B7FBE6D-3AD0-4805-9E09-4EBA09C0932C}.Debug|iPhone.Build.0 = Debug|iPhone
		{2B7FBE6D-3AD0-4805-9E09-4EBA09C0932C}.Release|iPhone.Build.0 = Release|iPhone
		{833CDD9A-E45D-4B0E-BF77-6193B88467ED}.Debug|iPhoneSimulator.ActiveCfg = Debug|iPhoneSimulator
		{833CDD9A-E45D-4B0E-BF77-6193B88467ED}.Debug|iPhoneSimulator.Build.0 = Debug|iPhoneSimulator
		{833CDD9A-E45D-4B0E-BF77-6193B88467ED}.Release|iPhoneSimulator.ActiveCfg = Release|iPhoneSimulator
		{833CDD9A-E45D-4B0E-BF77-6193B88467ED}.Release|iPhoneSimulator.Build.0 = Release|iPhoneSimulator
		{833CDD9A-E45D-4B0E-BF77-6193B88467ED}.Debug|iPhone.ActiveCfg = Debug|iPhone
		{833CDD9A-E45D-4B0E-BF77-6193B88467ED}.Debug|iPhone.Build.0 = Debug|iPhone
		{833CDD9A-E45D-4B0E-BF77-6193B88467ED}.Release|iPhone.ActiveCfg = Release|iPhone
		{833CDD9A-E45D-4B0E-BF77-6193B88467ED}.Release|iPhone.Build.0 = Release|iPhone
		{59F8D20F-0C99-4013-BED7-F757FDE905C5}.Debug|iPhoneSimulator.ActiveCfg = Debug|iPhoneSimulator
		{59F8D20F-0C99-4013-BED7-F757FDE905C5}.Debug|iPhoneSimulator.Build.0 = Debug|iPhoneSimulator
		{59F8D20F-0C99-4013-BED7-F757FDE905C5}.Release|iPhoneSimulator.ActiveCfg = Release|iPhoneSimulator
		{59F8D20F-0C99-4013-BED7-F757FDE905C5}.Release|iPhoneSimulator.Build.0 = Release|iPhoneSimulator
		{59F8D20F-0C99-4013-BED7-F757FDE905C5}.Debug|iPhone.ActiveCfg = Debug|iPhone
		{59F8D20F-0C99-4013-BED7-F757FDE905C5}.Debug|iPhone.Build.0 = Debug|iPhone
		{59F8D20F-0C99-4013-BED7-F757FDE905C5}.Release|iPhone.ActiveCfg = Release|iPhone
		{59F8D20F-0C99-4013-BED7-F757FDE905C5}.Release|iPhone.Build.0 = Release|iPhone
		{81A59D32-E893-437D-A8A9-441FC43DDF65}.Debug|iPhoneSimulator.ActiveCfg = Debug|iPhoneSimulator
		{81A59D32-E893-437D-A8A9-441FC43DDF65}.Debug|iPhoneSimulator.Build.0 = Debug|iPhoneSimulator
		{81A59D32-E893-437D-A8A9-441FC43DDF65}.Release|iPhoneSimulator.ActiveCfg = Release|iPhoneSimulator
		{81A59D32-E893-437D-A8A9-441FC43DDF65}.Release|iPhoneSimulator.Build.0 = Release|iPhoneSimulator
		{81A59D32-E893-437D-A8A9-441FC43DDF65}.Debug|iPhone.ActiveCfg = Debug|iPhone
		{81A59D32-E893-437D-A8A9-441FC43DDF65}.Debug|iPhone.Build.0 = Debug|iPhone
		{81A59D32-E893-437D-A8A9-441FC43DDF65}.Release|iPhone.ActiveCfg = Release|iPhone
		{81A59D32-E893-437D-A8A9-441FC43DDF65}.Release|iPhone.Build.0 = Release|iPhone
		{A3A302FF-A4A0-468D-86F4-974E2EF97BFC}.Debug|iPhoneSimulator.ActiveCfg = Debug|iPhoneSimulator
		{A3A302FF-A4A0-468D-86F4-974E2EF97BFC}.Debug|iPhoneSimulator.Build.0 = Debug|iPhoneSimulator
		{A3A302FF-A4A0-468D-86F4-974E2EF97BFC}.Release|iPhoneSimulator.ActiveCfg = Release|iPhoneSimulator
		{A3A302FF-A4A0-468D-86F4-974E2EF97BFC}.Release|iPhoneSimulator.Build.0 = Release|iPhoneSimulator
		{A3A302FF-A4A0-468D-86F4-974E2EF97BFC}.Debug|iPhone.ActiveCfg = Debug|iPhone
		{A3A302FF-A4A0-468D-86F4-974E2EF97BFC}.Debug|iPhone.Build.0 = Debug|iPhone
		{A3A302FF-A4A0-468D-86F4-974E2EF97BFC}.Release|iPhone.ActiveCfg = Release|iPhone
		{A3A302FF-A4A0-468D-86F4-974E2EF97BFC}.Release|iPhone.Build.0 = Release|iPhone
		{2FDC2E20-36F2-4997-94E9-88F3782C43F0}.Debug|iPhoneSimulator.ActiveCfg = Debug|iPhoneSimulator
		{2FDC2E20-36F2-4997-94E9-88F3782C43F0}.Debug|iPhoneSimulator.Build.0 = Debug|iPhoneSimulator
		{2FDC2E20-36F2-4997-94E9-88F3782C43F0}.Release|iPhoneSimulator.ActiveCfg = Release|iPhoneSimulator
		{2FDC2E20-36F2-4997-94E9-88F3782C43F0}.Release|iPhoneSimulator.Build.0 = Release|iPhoneSimulator
		{2FDC2E20-36F2-4997-94E9-88F3782C43F0}.Debug|iPhone.ActiveCfg = Debug|iPhone
		{2FDC2E20-36F2-4997-94E9-88F3782C43F0}.Debug|iPhone.Build.0 = Debug|iPhone
		{2FDC2E20-36F2-4997-94E9-88F3782C43F0}.Release|iPhone.ActiveCfg = Release|iPhone
		{2FDC2E20-36F2-4997-94E9-88F3782C43F0}.Release|iPhone.Build.0 = Release|iPhone
	EndGlobalSection
	GlobalSection(MonoDevelopProperties) = preSolution
		StartupItem = Sample\Sample.csproj
		Policies = $0
		$0.DotNetNamingPolicy = $1
		$1.DirectoryNamespaceAssociation = None
		$1.ResourceNamePolicy = FileFormatDefault
		$0.TextStylePolicy = $2
		$2.inheritsSet = VisualStudio
		$2.scope = text/plain
		$2.FileWidth = 120
		$2.TabsToSpaces = False
		$2.inheritsScope = text/plain
		$0.CSharpFormattingPolicy = $3
		$3.IndentSwitchSection = True
		$3.NewLinesForBracesInProperties = True
		$3.NewLinesForBracesInAccessors = True
		$3.NewLinesForBracesInAnonymousMethods = True
		$3.NewLinesForBracesInControlBlocks = True
		$3.NewLinesForBracesInAnonymousTypes = True
		$3.NewLinesForBracesInObjectCollectionArrayInitializers = True
		$3.NewLinesForBracesInLambdaExpressionBody = True
		$3.NewLineForElse = True
		$3.NewLineForCatch = True
		$3.NewLineForFinally = True
		$3.NewLineForMembersInObjectInit = True
		$3.NewLineForMembersInAnonymousTypes = True
		$3.NewLineForClausesInQuery = True
		$3.SpacingAfterMethodDeclarationName = False
		$3.SpaceAfterMethodCallName = False
		$3.SpaceBeforeOpenSquareBracket = False
		$3.inheritsSet = Mono
		$3.inheritsScope = text/x-csharp
		$3.scope = text/x-csharp
		$0.StandardHeader = $4
		$4.Text = 
		$4.IncludeInNewFiles = True
		$0.NameConventionPolicy = $5
		$5.Rules = $6
		$6.NamingRule = $7
		$7.Name = Type Parameters
		$7.AffectedEntity = TypeParameter
		$7.VisibilityMask = VisibilityMask
		$7.NamingStyle = PascalCase
		$7.IncludeInstanceMembers = True
		$7.IncludeStaticEntities = True
		$7.RequiredPrefixes = $8
		$8.String = T
		$7.RequiredSuffixes = $9
		$9.String = Exception
		$0.VersionControlPolicy = $10
		$10.inheritsSet = Mono
	EndGlobalSection
EndGlobal
